
Microsoft Visual Studio Solution File, Format Version 12.00
# Visual Studio 14
VisualStudioVersion = 14.0.23107.0
MinimumVisualStudioVersion = 10.0.40219.1
Project("{FAE04EC0-301F-11D3-BF4B-00C04F79EFBC}") = "ShockClock", "ShockClock\ShockClock.csproj", "{D077C8B3-E225-40D9-AD9B-F375EBC91276}"
EndProject
Project("{FAE04EC0-301F-11D3-BF4B-00C04F79EFBC}") = "MicLive", "MicLive\MicLive.csproj", "{0D4B4E31-0961-4FB0-BBA7-2FCD29140357}"
EndProject
Project("{2150E333-8FDC-42A3-9474-1A3956D46DE8}") = "Additional Items", "Additional Items", "{D1383138-746D-433F-8431-D19EA40EF8B3}"
	ProjectSection(SolutionItems) = preProject
		.gitattributes = .gitattributes
		.gitignore = .gitignore
		Changelog.txt = Changelog.txt
		License.txt = License.txt
		README.md = README.md
	EndProjectSection
EndProject
Global
	GlobalSection(SolutionConfigurationPlatforms) = preSolution
		Debug|Any CPU = Debug|Any CPU
		Release|Any CPU = Release|Any CPU
	EndGlobalSection
	GlobalSection(ProjectConfigurationPlatforms) = postSolution
		{D077C8B3-E225-40D9-AD9B-F375EBC91276}.Debug|Any CPU.ActiveCfg = Debug|Any CPU
		{D077C8B3-E225-40D9-AD9B-F375EBC91276}.Debug|Any CPU.Build.0 = Debug|Any CPU
		{D077C8B3-E225-40D9-AD9B-F375EBC91276}.Release|Any CPU.ActiveCfg = Release|Any CPU
		{D077C8B3-E225-40D9-AD9B-F375EBC91276}.Release|Any CPU.Build.0 = Release|Any CPU
		{0D4B4E31-0961-4FB0-BBA7-2FCD29140357}.Debug|Any CPU.ActiveCfg = Debug|Any CPU
		{0D4B4E31-0961-4FB0-BBA7-2FCD29140357}.Debug|Any CPU.Build.0 = Debug|Any CPU
		{0D4B4E31-0961-4FB0-BBA7-2FCD29140357}.Release|Any CPU.ActiveCfg = Release|Any CPU
		{0D4B4E31-0961-4FB0-BBA7-2FCD29140357}.Release|Any CPU.Build.0 = Release|Any CPU
	EndGlobalSection
	GlobalSection(SolutionProperties) = preSolution
		HideSolutionNode = FALSE
	EndGlobalSection
EndGlobal
