
Microsoft Visual Studio Solution File, Format Version 12.00
# Visual Studio 14
VisualStudioVersion = 14.0.24720.0
MinimumVisualStudioVersion = 10.0.40219.1
Project("{2150E333-8FDC-42A3-9474-1A3956D46DE8}") = "Additional Items", "Additional Items", "{D1383138-746D-433F-8431-D19EA40EF8B3}"
	ProjectSection(SolutionItems) = preProject
		.gitattributes = .gitattributes
		.gitignore = .gitignore
		CHANGELOG.md = CHANGELOG.md
		LICENSE.md = LICENSE.md
		README.md = README.md
	EndProjectSection
EndProject
Project("{9092AA53-FB77-4645-B42D-1CCCA6BD08BD}") = "ApolloClock.Electron", "ApolloClock.Electron\ApolloClock.Electron.njsproj", "{07CD15A3-91EC-428B-812B-D91DE3088D08}"
	ProjectSection(ProjectDependencies) = postProject
		{E1F24B1A-A6B6-4BEF-9555-FB29336058D4} = {E1F24B1A-A6B6-4BEF-9555-FB29336058D4}
	EndProjectSection
EndProject
Project("{262852C6-CD72-467D-83FE-5EEB1973A190}") = "ApolloClock.Cordova", "ApolloClock.Cordova\ApolloClock.Cordova.jsproj", "{5B1DAAC8-C76E-48A3-A301-2493B96EB8A5}"
	ProjectSection(ProjectDependencies) = postProject
		{E1F24B1A-A6B6-4BEF-9555-FB29336058D4} = {E1F24B1A-A6B6-4BEF-9555-FB29336058D4}
	EndProjectSection
EndProject
Project("{9092AA53-FB77-4645-B42D-1CCCA6BD08BD}") = "ApolloClock.Core", "ApolloClock.Core\ApolloClock.Core.njsproj", "{E1F24B1A-A6B6-4BEF-9555-FB29336058D4}"
EndProject
Global
	GlobalSection(SolutionConfigurationPlatforms) = preSolution
		Debug|Android = Debug|Android
		Debug|Any CPU = Debug|Any CPU
		Debug|ARM = Debug|ARM
		Debug|iOS = Debug|iOS
		Debug|Windows Phone (Universal) = Debug|Windows Phone (Universal)
		Debug|Windows Phone 8 = Debug|Windows Phone 8
		Debug|Windows-AnyCPU = Debug|Windows-AnyCPU
		Debug|Windows-ARM = Debug|Windows-ARM
		Debug|Windows-x64 = Debug|Windows-x64
		Debug|Windows-x86 = Debug|Windows-x86
		Debug|x64 = Debug|x64
		Debug|x86 = Debug|x86
		Release|Android = Release|Android
		Release|Any CPU = Release|Any CPU
		Release|ARM = Release|ARM
		Release|iOS = Release|iOS
		Release|Windows Phone (Universal) = Release|Windows Phone (Universal)
		Release|Windows Phone 8 = Release|Windows Phone 8
		Release|Windows-AnyCPU = Release|Windows-AnyCPU
		Release|Windows-ARM = Release|Windows-ARM
		Release|Windows-x64 = Release|Windows-x64
		Release|Windows-x86 = Release|Windows-x86
		Release|x64 = Release|x64
		Release|x86 = Release|x86
	EndGlobalSection
	GlobalSection(ProjectConfigurationPlatforms) = postSolution
		{07CD15A3-91EC-428B-812B-D91DE3088D08}.Debug|Android.ActiveCfg = Debug|Any CPU
		{07CD15A3-91EC-428B-812B-D91DE3088D08}.Debug|Android.Build.0 = Debug|Any CPU
		{07CD15A3-91EC-428B-812B-D91DE3088D08}.Debug|Any CPU.ActiveCfg = Debug|Any CPU
		{07CD15A3-91EC-428B-812B-D91DE3088D08}.Debug|Any CPU.Build.0 = Debug|Any CPU
		{07CD15A3-91EC-428B-812B-D91DE3088D08}.Debug|ARM.ActiveCfg = Debug|Any CPU
		{07CD15A3-91EC-428B-812B-D91DE3088D08}.Debug|ARM.Build.0 = Debug|Any CPU
		{07CD15A3-91EC-428B-812B-D91DE3088D08}.Debug|iOS.ActiveCfg = Debug|Any CPU
		{07CD15A3-91EC-428B-812B-D91DE3088D08}.Debug|iOS.Build.0 = Debug|Any CPU
		{07CD15A3-91EC-428B-812B-D91DE3088D08}.Debug|Windows Phone (Universal).ActiveCfg = Debug|Any CPU
		{07CD15A3-91EC-428B-812B-D91DE3088D08}.Debug|Windows Phone (Universal).Build.0 = Debug|Any CPU
		{07CD15A3-91EC-428B-812B-D91DE3088D08}.Debug|Windows Phone 8.ActiveCfg = Debug|Any CPU
		{07CD15A3-91EC-428B-812B-D91DE3088D08}.Debug|Windows Phone 8.Build.0 = Debug|Any CPU
		{07CD15A3-91EC-428B-812B-D91DE3088D08}.Debug|Windows-AnyCPU.ActiveCfg = Debug|Any CPU
		{07CD15A3-91EC-428B-812B-D91DE3088D08}.Debug|Windows-AnyCPU.Build.0 = Debug|Any CPU
		{07CD15A3-91EC-428B-812B-D91DE3088D08}.Debug|Windows-ARM.ActiveCfg = Debug|Any CPU
		{07CD15A3-91EC-428B-812B-D91DE3088D08}.Debug|Windows-ARM.Build.0 = Debug|Any CPU
		{07CD15A3-91EC-428B-812B-D91DE3088D08}.Debug|Windows-x64.ActiveCfg = Debug|Any CPU
		{07CD15A3-91EC-428B-812B-D91DE3088D08}.Debug|Windows-x64.Build.0 = Debug|Any CPU
		{07CD15A3-91EC-428B-812B-D91DE3088D08}.Debug|Windows-x86.ActiveCfg = Debug|Any CPU
		{07CD15A3-91EC-428B-812B-D91DE3088D08}.Debug|Windows-x86.Build.0 = Debug|Any CPU
		{07CD15A3-91EC-428B-812B-D91DE3088D08}.Debug|x64.ActiveCfg = Debug|Any CPU
		{07CD15A3-91EC-428B-812B-D91DE3088D08}.Debug|x64.Build.0 = Debug|Any CPU
		{07CD15A3-91EC-428B-812B-D91DE3088D08}.Debug|x86.ActiveCfg = Debug|Any CPU
		{07CD15A3-91EC-428B-812B-D91DE3088D08}.Debug|x86.Build.0 = Debug|Any CPU
		{07CD15A3-91EC-428B-812B-D91DE3088D08}.Debug|x86.Deploy.0 = Debug|Any CPU
		{07CD15A3-91EC-428B-812B-D91DE3088D08}.Release|Android.ActiveCfg = Release|Any CPU
		{07CD15A3-91EC-428B-812B-D91DE3088D08}.Release|Android.Build.0 = Release|Any CPU
		{07CD15A3-91EC-428B-812B-D91DE3088D08}.Release|Any CPU.ActiveCfg = Release|Any CPU
		{07CD15A3-91EC-428B-812B-D91DE3088D08}.Release|Any CPU.Build.0 = Release|Any CPU
		{07CD15A3-91EC-428B-812B-D91DE3088D08}.Release|ARM.ActiveCfg = Release|Any CPU
		{07CD15A3-91EC-428B-812B-D91DE3088D08}.Release|ARM.Build.0 = Release|Any CPU
		{07CD15A3-91EC-428B-812B-D91DE3088D08}.Release|iOS.ActiveCfg = Release|Any CPU
		{07CD15A3-91EC-428B-812B-D91DE3088D08}.Release|iOS.Build.0 = Release|Any CPU
		{07CD15A3-91EC-428B-812B-D91DE3088D08}.Release|Windows Phone (Universal).ActiveCfg = Release|Any CPU
		{07CD15A3-91EC-428B-812B-D91DE3088D08}.Release|Windows Phone (Universal).Build.0 = Release|Any CPU
		{07CD15A3-91EC-428B-812B-D91DE3088D08}.Release|Windows Phone 8.ActiveCfg = Release|Any CPU
		{07CD15A3-91EC-428B-812B-D91DE3088D08}.Release|Windows Phone 8.Build.0 = Release|Any CPU
		{07CD15A3-91EC-428B-812B-D91DE3088D08}.Release|Windows-AnyCPU.ActiveCfg = Release|Any CPU
		{07CD15A3-91EC-428B-812B-D91DE3088D08}.Release|Windows-AnyCPU.Build.0 = Release|Any CPU
		{07CD15A3-91EC-428B-812B-D91DE3088D08}.Release|Windows-ARM.ActiveCfg = Release|Any CPU
		{07CD15A3-91EC-428B-812B-D91DE3088D08}.Release|Windows-ARM.Build.0 = Release|Any CPU
		{07CD15A3-91EC-428B-812B-D91DE3088D08}.Release|Windows-x64.ActiveCfg = Release|Any CPU
		{07CD15A3-91EC-428B-812B-D91DE3088D08}.Release|Windows-x64.Build.0 = Release|Any CPU
		{07CD15A3-91EC-428B-812B-D91DE3088D08}.Release|Windows-x86.ActiveCfg = Release|Any CPU
		{07CD15A3-91EC-428B-812B-D91DE3088D08}.Release|Windows-x86.Build.0 = Release|Any CPU
		{07CD15A3-91EC-428B-812B-D91DE3088D08}.Release|x64.ActiveCfg = Release|Any CPU
		{07CD15A3-91EC-428B-812B-D91DE3088D08}.Release|x64.Build.0 = Release|Any CPU
		{07CD15A3-91EC-428B-812B-D91DE3088D08}.Release|x86.ActiveCfg = Release|Any CPU
		{07CD15A3-91EC-428B-812B-D91DE3088D08}.Release|x86.Build.0 = Release|Any CPU
		{5B1DAAC8-C76E-48A3-A301-2493B96EB8A5}.Debug|Android.ActiveCfg = Debug|Android
		{5B1DAAC8-C76E-48A3-A301-2493B96EB8A5}.Debug|Android.Build.0 = Debug|Android
		{5B1DAAC8-C76E-48A3-A301-2493B96EB8A5}.Debug|Android.Deploy.0 = Debug|Android
		{5B1DAAC8-C76E-48A3-A301-2493B96EB8A5}.Debug|Any CPU.ActiveCfg = Debug|Android
		{5B1DAAC8-C76E-48A3-A301-2493B96EB8A5}.Debug|ARM.ActiveCfg = Debug|Windows-ARM
		{5B1DAAC8-C76E-48A3-A301-2493B96EB8A5}.Debug|iOS.ActiveCfg = Debug|iOS
		{5B1DAAC8-C76E-48A3-A301-2493B96EB8A5}.Debug|iOS.Build.0 = Debug|iOS
		{5B1DAAC8-C76E-48A3-A301-2493B96EB8A5}.Debug|iOS.Deploy.0 = Debug|iOS
		{5B1DAAC8-C76E-48A3-A301-2493B96EB8A5}.Debug|Windows Phone (Universal).ActiveCfg = Debug|Windows Phone (Universal)
		{5B1DAAC8-C76E-48A3-A301-2493B96EB8A5}.Debug|Windows Phone (Universal).Build.0 = Debug|Windows Phone (Universal)
		{5B1DAAC8-C76E-48A3-A301-2493B96EB8A5}.Debug|Windows Phone (Universal).Deploy.0 = Debug|Windows Phone (Universal)
		{5B1DAAC8-C76E-48A3-A301-2493B96EB8A5}.Debug|Windows Phone 8.ActiveCfg = Debug|Windows Phone 8
		{5B1DAAC8-C76E-48A3-A301-2493B96EB8A5}.Debug|Windows Phone 8.Build.0 = Debug|Windows Phone 8
		{5B1DAAC8-C76E-48A3-A301-2493B96EB8A5}.Debug|Windows Phone 8.Deploy.0 = Debug|Windows Phone 8
		{5B1DAAC8-C76E-48A3-A301-2493B96EB8A5}.Debug|Windows-AnyCPU.ActiveCfg = Debug|Windows-AnyCPU
		{5B1DAAC8-C76E-48A3-A301-2493B96EB8A5}.Debug|Windows-AnyCPU.Build.0 = Debug|Windows-AnyCPU
		{5B1DAAC8-C76E-48A3-A301-2493B96EB8A5}.Debug|Windows-AnyCPU.Deploy.0 = Debug|Windows-AnyCPU
		{5B1DAAC8-C76E-48A3-A301-2493B96EB8A5}.Debug|Windows-ARM.ActiveCfg = Debug|Windows-ARM
		{5B1DAAC8-C76E-48A3-A301-2493B96EB8A5}.Debug|Windows-ARM.Build.0 = Debug|Windows-ARM
		{5B1DAAC8-C76E-48A3-A301-2493B96EB8A5}.Debug|Windows-ARM.Deploy.0 = Debug|Windows-ARM
		{5B1DAAC8-C76E-48A3-A301-2493B96EB8A5}.Debug|Windows-x64.ActiveCfg = Debug|Windows-x64
		{5B1DAAC8-C76E-48A3-A301-2493B96EB8A5}.Debug|Windows-x64.Build.0 = Debug|Windows-x64
		{5B1DAAC8-C76E-48A3-A301-2493B96EB8A5}.Debug|Windows-x64.Deploy.0 = Debug|Windows-x64
		{5B1DAAC8-C76E-48A3-A301-2493B96EB8A5}.Debug|Windows-x86.ActiveCfg = Debug|Windows-x86
		{5B1DAAC8-C76E-48A3-A301-2493B96EB8A5}.Debug|Windows-x86.Build.0 = Debug|Windows-x86
		{5B1DAAC8-C76E-48A3-A301-2493B96EB8A5}.Debug|Windows-x86.Deploy.0 = Debug|Windows-x86
		{5B1DAAC8-C76E-48A3-A301-2493B96EB8A5}.Debug|x64.ActiveCfg = Debug|Windows-x64
		{5B1DAAC8-C76E-48A3-A301-2493B96EB8A5}.Debug|x86.ActiveCfg = Debug|Windows-x86
		{5B1DAAC8-C76E-48A3-A301-2493B96EB8A5}.Release|Android.ActiveCfg = Release|Android
		{5B1DAAC8-C76E-48A3-A301-2493B96EB8A5}.Release|Android.Build.0 = Release|Android
		{5B1DAAC8-C76E-48A3-A301-2493B96EB8A5}.Release|Android.Deploy.0 = Release|Android
		{5B1DAAC8-C76E-48A3-A301-2493B96EB8A5}.Release|Any CPU.ActiveCfg = Release|Android
		{5B1DAAC8-C76E-48A3-A301-2493B96EB8A5}.Release|ARM.ActiveCfg = Release|Windows-ARM
		{5B1DAAC8-C76E-48A3-A301-2493B96EB8A5}.Release|iOS.ActiveCfg = Release|iOS
		{5B1DAAC8-C76E-48A3-A301-2493B96EB8A5}.Release|iOS.Build.0 = Release|iOS
		{5B1DAAC8-C76E-48A3-A301-2493B96EB8A5}.Release|iOS.Deploy.0 = Release|iOS
		{5B1DAAC8-C76E-48A3-A301-2493B96EB8A5}.Release|Windows Phone (Universal).ActiveCfg = Release|Windows Phone (Universal)
		{5B1DAAC8-C76E-48A3-A301-2493B96EB8A5}.Release|Windows Phone (Universal).Build.0 = Release|Windows Phone (Universal)
		{5B1DAAC8-C76E-48A3-A301-2493B96EB8A5}.Release|Windows Phone (Universal).Deploy.0 = Release|Windows Phone (Universal)
		{5B1DAAC8-C76E-48A3-A301-2493B96EB8A5}.Release|Windows Phone 8.ActiveCfg = Release|Windows Phone 8
		{5B1DAAC8-C76E-48A3-A301-2493B96EB8A5}.Release|Windows Phone 8.Build.0 = Release|Windows Phone 8
		{5B1DAAC8-C76E-48A3-A301-2493B96EB8A5}.Release|Windows Phone 8.Deploy.0 = Release|Windows Phone 8
		{5B1DAAC8-C76E-48A3-A301-2493B96EB8A5}.Release|Windows-AnyCPU.ActiveCfg = Release|Windows-AnyCPU
		{5B1DAAC8-C76E-48A3-A301-2493B96EB8A5}.Release|Windows-AnyCPU.Build.0 = Release|Windows-AnyCPU
		{5B1DAAC8-C76E-48A3-A301-2493B96EB8A5}.Release|Windows-AnyCPU.Deploy.0 = Release|Windows-AnyCPU
		{5B1DAAC8-C76E-48A3-A301-2493B96EB8A5}.Release|Windows-ARM.ActiveCfg = Release|Windows-ARM
		{5B1DAAC8-C76E-48A3-A301-2493B96EB8A5}.Release|Windows-ARM.Build.0 = Release|Windows-ARM
		{5B1DAAC8-C76E-48A3-A301-2493B96EB8A5}.Release|Windows-ARM.Deploy.0 = Release|Windows-ARM
		{5B1DAAC8-C76E-48A3-A301-2493B96EB8A5}.Release|Windows-x64.ActiveCfg = Release|Windows-x64
		{5B1DAAC8-C76E-48A3-A301-2493B96EB8A5}.Release|Windows-x64.Build.0 = Release|Windows-x64
		{5B1DAAC8-C76E-48A3-A301-2493B96EB8A5}.Release|Windows-x64.Deploy.0 = Release|Windows-x64
		{5B1DAAC8-C76E-48A3-A301-2493B96EB8A5}.Release|Windows-x86.ActiveCfg = Release|Windows-x86
		{5B1DAAC8-C76E-48A3-A301-2493B96EB8A5}.Release|Windows-x86.Build.0 = Release|Windows-x86
		{5B1DAAC8-C76E-48A3-A301-2493B96EB8A5}.Release|Windows-x86.Deploy.0 = Release|Windows-x86
		{5B1DAAC8-C76E-48A3-A301-2493B96EB8A5}.Release|x64.ActiveCfg = Release|Windows-x64
		{5B1DAAC8-C76E-48A3-A301-2493B96EB8A5}.Release|x86.ActiveCfg = Release|Windows-x86
		{E1F24B1A-A6B6-4BEF-9555-FB29336058D4}.Debug|Android.ActiveCfg = Debug|Any CPU
		{E1F24B1A-A6B6-4BEF-9555-FB29336058D4}.Debug|Android.Build.0 = Debug|Any CPU
		{E1F24B1A-A6B6-4BEF-9555-FB29336058D4}.Debug|Any CPU.ActiveCfg = Debug|Any CPU
		{E1F24B1A-A6B6-4BEF-9555-FB29336058D4}.Debug|Any CPU.Build.0 = Debug|Any CPU
		{E1F24B1A-A6B6-4BEF-9555-FB29336058D4}.Debug|ARM.ActiveCfg = Debug|Any CPU
		{E1F24B1A-A6B6-4BEF-9555-FB29336058D4}.Debug|ARM.Build.0 = Debug|Any CPU
		{E1F24B1A-A6B6-4BEF-9555-FB29336058D4}.Debug|iOS.ActiveCfg = Debug|Any CPU
		{E1F24B1A-A6B6-4BEF-9555-FB29336058D4}.Debug|iOS.Build.0 = Debug|Any CPU
		{E1F24B1A-A6B6-4BEF-9555-FB29336058D4}.Debug|Windows Phone (Universal).ActiveCfg = Debug|Any CPU
		{E1F24B1A-A6B6-4BEF-9555-FB29336058D4}.Debug|Windows Phone (Universal).Build.0 = Debug|Any CPU
		{E1F24B1A-A6B6-4BEF-9555-FB29336058D4}.Debug|Windows Phone 8.ActiveCfg = Debug|Any CPU
		{E1F24B1A-A6B6-4BEF-9555-FB29336058D4}.Debug|Windows Phone 8.Build.0 = Debug|Any CPU
		{E1F24B1A-A6B6-4BEF-9555-FB29336058D4}.Debug|Windows-AnyCPU.ActiveCfg = Debug|Any CPU
		{E1F24B1A-A6B6-4BEF-9555-FB29336058D4}.Debug|Windows-AnyCPU.Build.0 = Debug|Any CPU
		{E1F24B1A-A6B6-4BEF-9555-FB29336058D4}.Debug|Windows-ARM.ActiveCfg = Debug|Any CPU
		{E1F24B1A-A6B6-4BEF-9555-FB29336058D4}.Debug|Windows-ARM.Build.0 = Debug|Any CPU
		{E1F24B1A-A6B6-4BEF-9555-FB29336058D4}.Debug|Windows-x64.ActiveCfg = Debug|Any CPU
		{E1F24B1A-A6B6-4BEF-9555-FB29336058D4}.Debug|Windows-x64.Build.0 = Debug|Any CPU
		{E1F24B1A-A6B6-4BEF-9555-FB29336058D4}.Debug|Windows-x86.ActiveCfg = Debug|Any CPU
		{E1F24B1A-A6B6-4BEF-9555-FB29336058D4}.Debug|Windows-x86.Build.0 = Debug|Any CPU
		{E1F24B1A-A6B6-4BEF-9555-FB29336058D4}.Debug|x64.ActiveCfg = Debug|Any CPU
		{E1F24B1A-A6B6-4BEF-9555-FB29336058D4}.Debug|x64.Build.0 = Debug|Any CPU
		{E1F24B1A-A6B6-4BEF-9555-FB29336058D4}.Debug|x86.ActiveCfg = Debug|Any CPU
		{E1F24B1A-A6B6-4BEF-9555-FB29336058D4}.Debug|x86.Build.0 = Debug|Any CPU
		{E1F24B1A-A6B6-4BEF-9555-FB29336058D4}.Release|Android.ActiveCfg = Release|Any CPU
		{E1F24B1A-A6B6-4BEF-9555-FB29336058D4}.Release|Android.Build.0 = Release|Any CPU
		{E1F24B1A-A6B6-4BEF-9555-FB29336058D4}.Release|Any CPU.ActiveCfg = Release|Any CPU
		{E1F24B1A-A6B6-4BEF-9555-FB29336058D4}.Release|Any CPU.Build.0 = Release|Any CPU
		{E1F24B1A-A6B6-4BEF-9555-FB29336058D4}.Release|ARM.ActiveCfg = Release|Any CPU
		{E1F24B1A-A6B6-4BEF-9555-FB29336058D4}.Release|ARM.Build.0 = Release|Any CPU
		{E1F24B1A-A6B6-4BEF-9555-FB29336058D4}.Release|iOS.ActiveCfg = Release|Any CPU
		{E1F24B1A-A6B6-4BEF-9555-FB29336058D4}.Release|iOS.Build.0 = Release|Any CPU
		{E1F24B1A-A6B6-4BEF-9555-FB29336058D4}.Release|Windows Phone (Universal).ActiveCfg = Release|Any CPU
		{E1F24B1A-A6B6-4BEF-9555-FB29336058D4}.Release|Windows Phone (Universal).Build.0 = Release|Any CPU
		{E1F24B1A-A6B6-4BEF-9555-FB29336058D4}.Release|Windows Phone 8.ActiveCfg = Release|Any CPU
		{E1F24B1A-A6B6-4BEF-9555-FB29336058D4}.Release|Windows Phone 8.Build.0 = Release|Any CPU
		{E1F24B1A-A6B6-4BEF-9555-FB29336058D4}.Release|Windows-AnyCPU.ActiveCfg = Release|Any CPU
		{E1F24B1A-A6B6-4BEF-9555-FB29336058D4}.Release|Windows-AnyCPU.Build.0 = Release|Any CPU
		{E1F24B1A-A6B6-4BEF-9555-FB29336058D4}.Release|Windows-ARM.ActiveCfg = Release|Any CPU
		{E1F24B1A-A6B6-4BEF-9555-FB29336058D4}.Release|Windows-ARM.Build.0 = Release|Any CPU
		{E1F24B1A-A6B6-4BEF-9555-FB29336058D4}.Release|Windows-x64.ActiveCfg = Release|Any CPU
		{E1F24B1A-A6B6-4BEF-9555-FB29336058D4}.Release|Windows-x64.Build.0 = Release|Any CPU
		{E1F24B1A-A6B6-4BEF-9555-FB29336058D4}.Release|Windows-x86.ActiveCfg = Release|Any CPU
		{E1F24B1A-A6B6-4BEF-9555-FB29336058D4}.Release|Windows-x86.Build.0 = Release|Any CPU
		{E1F24B1A-A6B6-4BEF-9555-FB29336058D4}.Release|x64.ActiveCfg = Release|Any CPU
		{E1F24B1A-A6B6-4BEF-9555-FB29336058D4}.Release|x64.Build.0 = Release|Any CPU
		{E1F24B1A-A6B6-4BEF-9555-FB29336058D4}.Release|x86.ActiveCfg = Release|Any CPU
		{E1F24B1A-A6B6-4BEF-9555-FB29336058D4}.Release|x86.Build.0 = Release|Any CPU
	EndGlobalSection
	GlobalSection(SolutionProperties) = preSolution
		HideSolutionNode = FALSE
	EndGlobalSection
EndGlobal
