
Microsoft Visual Studio Solution File, Format Version 12.00
# Visual Studio 14
VisualStudioVersion = 14.0.23107.0
MinimumVisualStudioVersion = 10.0.40219.1
Project("{FAE04EC0-301F-11D3-BF4B-00C04F79EFBC}") = "ShockClock", "ShockClock\ShockClock.csproj", "{D077C8B3-E225-40D9-AD9B-F375EBC91276}"
EndProject
Project("{FAE04EC0-301F-11D3-BF4B-00C04F79EFBC}") = "MicLive", "MicLive\MicLive.csproj", "{0D4B4E31-0961-4FB0-BBA7-2FCD29140357}"
EndProject
Project("{2150E333-8FDC-42A3-9474-1A3956D46DE8}") = "Additional Items", "Additional Items", "{D1383138-746D-433F-8431-D19EA40EF8B3}"
	ProjectSection(SolutionItems) = preProject
		.gitattributes = .gitattributes
		.gitignore = .gitignore
		Changelog.txt = Changelog.txt
		License.txt = License.txt
		README.md = README.md
	EndProjectSection
EndProject
Project("{FAE04EC0-301F-11D3-BF4B-00C04F79EFBC}") = "ApolloClock.Windows", "ApolloClock.Windows\ApolloClock.Windows.csproj", "{1A14AAF6-B153-4079-AEC7-EA3220C3F13D}"
EndProject
Project("{FAE04EC0-301F-11D3-BF4B-00C04F79EFBC}") = "ApolloClock.Core.Windows", "ApolloClock.Core.Windows\ApolloClock.Core.Windows.csproj", "{6AAC0D0B-8629-4505-A55D-D07FCA7F64F5}"
EndProject
Project("{D954291E-2A0B-460D-934E-DC6B0785DB48}") = "ApolloClock.Core", "ApolloClock.Core\ApolloClock.Core.shproj", "{9342165A-84B2-490E-AE56-F49917DB3933}"
EndProject
Global
	GlobalSection(SharedMSBuildProjectFiles) = preSolution
		ApolloClock.Core\ApolloClock.Core.projitems*{9342165a-84b2-490e-ae56-f49917db3933}*SharedItemsImports = 13
		ApolloClock.Core\ApolloClock.Core.projitems*{6aac0d0b-8629-4505-a55d-d07fca7f64f5}*SharedItemsImports = 4
	EndGlobalSection
	GlobalSection(SolutionConfigurationPlatforms) = preSolution
		Debug|Any CPU = Debug|Any CPU
		Debug|ARM = Debug|ARM
		Debug|x64 = Debug|x64
		Debug|x86 = Debug|x86
		Release|Any CPU = Release|Any CPU
		Release|ARM = Release|ARM
		Release|x64 = Release|x64
		Release|x86 = Release|x86
	EndGlobalSection
	GlobalSection(ProjectConfigurationPlatforms) = postSolution
		{D077C8B3-E225-40D9-AD9B-F375EBC91276}.Debug|Any CPU.ActiveCfg = Debug|Any CPU
		{D077C8B3-E225-40D9-AD9B-F375EBC91276}.Debug|ARM.ActiveCfg = Debug|Any CPU
		{D077C8B3-E225-40D9-AD9B-F375EBC91276}.Debug|ARM.Build.0 = Debug|Any CPU
		{D077C8B3-E225-40D9-AD9B-F375EBC91276}.Debug|x64.ActiveCfg = Debug|Any CPU
		{D077C8B3-E225-40D9-AD9B-F375EBC91276}.Debug|x64.Build.0 = Debug|Any CPU
		{D077C8B3-E225-40D9-AD9B-F375EBC91276}.Debug|x86.ActiveCfg = Debug|Any CPU
		{D077C8B3-E225-40D9-AD9B-F375EBC91276}.Debug|x86.Build.0 = Debug|Any CPU
		{D077C8B3-E225-40D9-AD9B-F375EBC91276}.Release|Any CPU.ActiveCfg = Release|Any CPU
		{D077C8B3-E225-40D9-AD9B-F375EBC91276}.Release|ARM.ActiveCfg = Release|Any CPU
		{D077C8B3-E225-40D9-AD9B-F375EBC91276}.Release|ARM.Build.0 = Release|Any CPU
		{D077C8B3-E225-40D9-AD9B-F375EBC91276}.Release|x64.ActiveCfg = Release|Any CPU
		{D077C8B3-E225-40D9-AD9B-F375EBC91276}.Release|x64.Build.0 = Release|Any CPU
		{D077C8B3-E225-40D9-AD9B-F375EBC91276}.Release|x86.ActiveCfg = Release|Any CPU
		{D077C8B3-E225-40D9-AD9B-F375EBC91276}.Release|x86.Build.0 = Release|Any CPU
		{0D4B4E31-0961-4FB0-BBA7-2FCD29140357}.Debug|Any CPU.ActiveCfg = Debug|Any CPU
		{0D4B4E31-0961-4FB0-BBA7-2FCD29140357}.Debug|ARM.ActiveCfg = Debug|Any CPU
		{0D4B4E31-0961-4FB0-BBA7-2FCD29140357}.Debug|ARM.Build.0 = Debug|Any CPU
		{0D4B4E31-0961-4FB0-BBA7-2FCD29140357}.Debug|x64.ActiveCfg = Debug|Any CPU
		{0D4B4E31-0961-4FB0-BBA7-2FCD29140357}.Debug|x64.Build.0 = Debug|Any CPU
		{0D4B4E31-0961-4FB0-BBA7-2FCD29140357}.Debug|x86.ActiveCfg = Debug|Any CPU
		{0D4B4E31-0961-4FB0-BBA7-2FCD29140357}.Debug|x86.Build.0 = Debug|Any CPU
		{0D4B4E31-0961-4FB0-BBA7-2FCD29140357}.Release|Any CPU.ActiveCfg = Release|Any CPU
		{0D4B4E31-0961-4FB0-BBA7-2FCD29140357}.Release|ARM.ActiveCfg = Release|Any CPU
		{0D4B4E31-0961-4FB0-BBA7-2FCD29140357}.Release|ARM.Build.0 = Release|Any CPU
		{0D4B4E31-0961-4FB0-BBA7-2FCD29140357}.Release|x64.ActiveCfg = Release|Any CPU
		{0D4B4E31-0961-4FB0-BBA7-2FCD29140357}.Release|x64.Build.0 = Release|Any CPU
		{0D4B4E31-0961-4FB0-BBA7-2FCD29140357}.Release|x86.ActiveCfg = Release|Any CPU
		{0D4B4E31-0961-4FB0-BBA7-2FCD29140357}.Release|x86.Build.0 = Release|Any CPU
		{1A14AAF6-B153-4079-AEC7-EA3220C3F13D}.Debug|Any CPU.ActiveCfg = Debug|x86
		{1A14AAF6-B153-4079-AEC7-EA3220C3F13D}.Debug|Any CPU.Build.0 = Debug|x86
		{1A14AAF6-B153-4079-AEC7-EA3220C3F13D}.Debug|ARM.ActiveCfg = Debug|ARM
		{1A14AAF6-B153-4079-AEC7-EA3220C3F13D}.Debug|ARM.Build.0 = Debug|ARM
		{1A14AAF6-B153-4079-AEC7-EA3220C3F13D}.Debug|ARM.Deploy.0 = Debug|ARM
		{1A14AAF6-B153-4079-AEC7-EA3220C3F13D}.Debug|x64.ActiveCfg = Debug|x64
		{1A14AAF6-B153-4079-AEC7-EA3220C3F13D}.Debug|x64.Build.0 = Debug|x64
		{1A14AAF6-B153-4079-AEC7-EA3220C3F13D}.Debug|x64.Deploy.0 = Debug|x64
		{1A14AAF6-B153-4079-AEC7-EA3220C3F13D}.Debug|x86.ActiveCfg = Debug|x86
		{1A14AAF6-B153-4079-AEC7-EA3220C3F13D}.Debug|x86.Build.0 = Debug|x86
		{1A14AAF6-B153-4079-AEC7-EA3220C3F13D}.Debug|x86.Deploy.0 = Debug|x86
		{1A14AAF6-B153-4079-AEC7-EA3220C3F13D}.Release|Any CPU.ActiveCfg = Release|x86
		{1A14AAF6-B153-4079-AEC7-EA3220C3F13D}.Release|ARM.ActiveCfg = Release|ARM
		{1A14AAF6-B153-4079-AEC7-EA3220C3F13D}.Release|ARM.Build.0 = Release|ARM
		{1A14AAF6-B153-4079-AEC7-EA3220C3F13D}.Release|ARM.Deploy.0 = Release|ARM
		{1A14AAF6-B153-4079-AEC7-EA3220C3F13D}.Release|x64.ActiveCfg = Release|x64
		{1A14AAF6-B153-4079-AEC7-EA3220C3F13D}.Release|x64.Build.0 = Release|x64
		{1A14AAF6-B153-4079-AEC7-EA3220C3F13D}.Release|x64.Deploy.0 = Release|x64
		{1A14AAF6-B153-4079-AEC7-EA3220C3F13D}.Release|x86.ActiveCfg = Release|x86
		{1A14AAF6-B153-4079-AEC7-EA3220C3F13D}.Release|x86.Build.0 = Release|x86
		{1A14AAF6-B153-4079-AEC7-EA3220C3F13D}.Release|x86.Deploy.0 = Release|x86
		{6AAC0D0B-8629-4505-A55D-D07FCA7F64F5}.Debug|Any CPU.ActiveCfg = Debug|x86
		{6AAC0D0B-8629-4505-A55D-D07FCA7F64F5}.Debug|Any CPU.Build.0 = Debug|x86
		{6AAC0D0B-8629-4505-A55D-D07FCA7F64F5}.Debug|ARM.ActiveCfg = Debug|ARM
		{6AAC0D0B-8629-4505-A55D-D07FCA7F64F5}.Debug|ARM.Build.0 = Debug|ARM
		{6AAC0D0B-8629-4505-A55D-D07FCA7F64F5}.Debug|x64.ActiveCfg = Debug|x64
		{6AAC0D0B-8629-4505-A55D-D07FCA7F64F5}.Debug|x64.Build.0 = Debug|x64
		{6AAC0D0B-8629-4505-A55D-D07FCA7F64F5}.Debug|x86.ActiveCfg = Debug|x86
		{6AAC0D0B-8629-4505-A55D-D07FCA7F64F5}.Debug|x86.Build.0 = Debug|x86
		{6AAC0D0B-8629-4505-A55D-D07FCA7F64F5}.Release|Any CPU.ActiveCfg = Release|x86
		{6AAC0D0B-8629-4505-A55D-D07FCA7F64F5}.Release|Any CPU.Build.0 = Release|x86
		{6AAC0D0B-8629-4505-A55D-D07FCA7F64F5}.Release|ARM.ActiveCfg = Release|ARM
		{6AAC0D0B-8629-4505-A55D-D07FCA7F64F5}.Release|ARM.Build.0 = Release|ARM
		{6AAC0D0B-8629-4505-A55D-D07FCA7F64F5}.Release|x64.ActiveCfg = Release|x64
		{6AAC0D0B-8629-4505-A55D-D07FCA7F64F5}.Release|x64.Build.0 = Release|x64
		{6AAC0D0B-8629-4505-A55D-D07FCA7F64F5}.Release|x86.ActiveCfg = Release|x86
		{6AAC0D0B-8629-4505-A55D-D07FCA7F64F5}.Release|x86.Build.0 = Release|x86
	EndGlobalSection
	GlobalSection(SolutionProperties) = preSolution
		HideSolutionNode = FALSE
	EndGlobalSection
EndGlobal
